
Microsoft Visual Studio Solution File, Format Version 12.00
# Visual Studio 15
VisualStudioVersion = 15.0.27703.2042
MinimumVisualStudioVersion = 10.0.40219.1
Project("{FAE04EC0-301F-11D3-BF4B-00C04F79EFBC}") = "Saper", "Saper\Saper.csproj", "{93D85D0A-97D1-46C5-B559-11A9697DF48A}"
EndProject
Global
	GlobalSection(SolutionConfigurationPlatforms) = preSolution
		Debug|Any CPU = Debug|Any CPU
		Release|Any CPU = Release|Any CPU
	EndGlobalSection
	GlobalSection(ProjectConfigurationPlatforms) = postSolution
		{93D85D0A-97D1-46C5-B559-11A9697DF48A}.Debug|Any CPU.ActiveCfg = Debug|Any CPU
		{93D85D0A-97D1-46C5-B559-11A9697DF48A}.Debug|Any CPU.Build.0 = Debug|Any CPU
		{93D85D0A-97D1-46C5-B559-11A9697DF48A}.Release|Any CPU.ActiveCfg = Release|Any CPU
		{93D85D0A-97D1-46C5-B559-11A9697DF48A}.Release|Any CPU.Build.0 = Release|Any CPU
	EndGlobalSection
	GlobalSection(SolutionProperties) = preSolution
		HideSolutionNode = FALSE
	EndGlobalSection
	GlobalSection(ExtensibilityGlobals) = postSolution
		SolutionGuid = {E87FA6A4-A91F-40D9-9915-C7F1400D216F}
	EndGlobalSection
EndGlobal
